
Microsoft Visual Studio Solution File, Format Version 12.00
# Visual Studio Version 16
VisualStudioVersion = 16.0.28803.156
MinimumVisualStudioVersion = 10.0.40219.1
Project("{9A19103F-16F7-4668-BE54-9A1E7A4F7556}") = "ClassScheduler", "ClassScheduler\ClassScheduler.csproj", "{0725444E-C890-43C2-B6E6-287406F75465}"
EndProject
Global
	GlobalSection(SolutionConfigurationPlatforms) = preSolution
		Debug|Any CPU = Debug|Any CPU
		Release|Any CPU = Release|Any CPU
	EndGlobalSection
	GlobalSection(ProjectConfigurationPlatforms) = postSolution
		{0725444E-C890-43C2-B6E6-287406F75465}.Debug|Any CPU.ActiveCfg = Debug|Any CPU
		{0725444E-C890-43C2-B6E6-287406F75465}.Debug|Any CPU.Build.0 = Debug|Any CPU
		{0725444E-C890-43C2-B6E6-287406F75465}.Release|Any CPU.ActiveCfg = Debug|Any CPU
		{0725444E-C890-43C2-B6E6-287406F75465}.Release|Any CPU.Build.0 = Debug|Any CPU
	EndGlobalSection
	GlobalSection(SolutionProperties) = preSolution
		HideSolutionNode = FALSE
	EndGlobalSection
	GlobalSection(ExtensibilityGlobals) = postSolution
		SolutionGuid = {7A90F001-5E5F-4EF1-9C71-E402B3B6AD2D}
	EndGlobalSection
EndGlobal
